github.com/mattn/go-sqlite3 v1.14.21 h1:IXocQLOykluc3xPE0Lvy8FtggMz1G+U3mEjg+0zGizc=
github.com/mattn/go-sqlite3 v1.14.21/go.mod h1:Uh1q+B4BYcTPb+yiD3kU8Ct7aC0hY9fxUwlHK0RXw+Y=
golang.org/x/crypto v0.18.0 h1:PGVlW0xEltQnzFZ55hkuX5+KLyrMYhHld1YHO4AKcdc=
golang.org/x/crypto v0.18.0/go.mod h1:R0j02AL6hcrfOiy9T4ZYp/rcWeMxM3L6QYxlOuEG1mg=
